// !$*UTF8*$!
{
	archiveVersion = 1;
	classes = {
	};
	objectVersion = 46;
	objects = {

/* Begin PBXBuildFile section */
		7331989D18DE47CC001CBEED /* Foundation.framework in Frameworks */ = {isa = PBXBuildFile; fileRef = 7331989C18DE47CC001CBEED /* Foundation.framework */; };
		7331989F18DE47CC001CBEED /* CoreGraphics.framework in Frameworks */ = {isa = PBXBuildFile; fileRef = 7331989E18DE47CC001CBEED /* CoreGraphics.framework */; };
		733198A118DE47CC001CBEED /* UIKit.framework in Frameworks */ = {isa = PBXBuildFile; fileRef = 733198A018DE47CC001CBEED /* UIKit.framework */; };
		733198A718DE47CC001CBEED /* InfoPlist.strings in Resources */ = {isa = PBXBuildFile; fileRef = 733198A518DE47CC001CBEED /* InfoPlist.strings */; };
		733198A918DE47CC001CBEED /* main.m in Sources */ = {isa = PBXBuildFile; fileRef = 733198A818DE47CC001CBEED /* main.m */; };
		733198AD18DE47CC001CBEED /* CSAppDelegate.m in Sources */ = {isa = PBXBuildFile; fileRef = 733198AC18DE47CC001CBEED /* CSAppDelegate.m */; };
		733198B018DE47CC001CBEED /* Main.storyboard in Resources */ = {isa = PBXBuildFile; fileRef = 733198AE18DE47CC001CBEED /* Main.storyboard */; };
		733198B518DE47CC001CBEED /* Images.xcassets in Resources */ = {isa = PBXBuildFile; fileRef = 733198B418DE47CC001CBEED /* Images.xcassets */; };
		733198BC18DE47CC001CBEED /* XCTest.framework in Frameworks */ = {isa = PBXBuildFile; fileRef = 733198BB18DE47CC001CBEED /* XCTest.framework */; };
		733198BD18DE47CC001CBEED /* Foundation.framework in Frameworks */ = {isa = PBXBuildFile; fileRef = 7331989C18DE47CC001CBEED /* Foundation.framework */; };
		733198BE18DE47CC001CBEED /* UIKit.framework in Frameworks */ = {isa = PBXBuildFile; fileRef = 733198A018DE47CC001CBEED /* UIKit.framework */; };
		733198C618DE47CC001CBEED /* InfoPlist.strings in Resources */ = {isa = PBXBuildFile; fileRef = 733198C418DE47CC001CBEED /* InfoPlist.strings */; };
		733198C818DE47CC001CBEED /* CampusSherpaTests.m in Sources */ = {isa = PBXBuildFile; fileRef = 733198C718DE47CC001CBEED /* CampusSherpaTests.m */; };
		733198D618DE49AF001CBEED /* CSTour.m in Sources */ = {isa = PBXBuildFile; fileRef = 733198D518DE49AF001CBEED /* CSTour.m */; };
		733198D918DE4A4C001CBEED /* CSUser.m in Sources */ = {isa = PBXBuildFile; fileRef = 733198D818DE4A4C001CBEED /* CSUser.m */; };
		733198DC18DE4A58001CBEED /* CSTourLocation.m in Sources */ = {isa = PBXBuildFile; fileRef = 733198DB18DE4A58001CBEED /* CSTourLocation.m */; };
		733198DF18DE4A67001CBEED /* CSTourMedia.m in Sources */ = {isa = PBXBuildFile; fileRef = 733198DE18DE4A67001CBEED /* CSTourMedia.m */; };
		7343BDF118E20EFE006321FD /* MapKit.framework in Frameworks */ = {isa = PBXBuildFile; fileRef = 7343BDF018E20EFE006321FD /* MapKit.framework */; };
		736D48B218EB828000DA9E56 /* CSTourMediaListViewController.m in Sources */ = {isa = PBXBuildFile; fileRef = 736D48B118EB828000DA9E56 /* CSTourMediaListViewController.m */; };
		736D48B518EB8AF200DA9E56 /* CSTourMediaDetailViewController.m in Sources */ = {isa = PBXBuildFile; fileRef = 736D48B418EB8AF200DA9E56 /* CSTourMediaDetailViewController.m */; };
		7371C04918E8FE5700A9BD84 /* CSTourLocationViewController.m in Sources */ = {isa = PBXBuildFile; fileRef = 7371C04818E8FE5700A9BD84 /* CSTourLocationViewController.m */; };
		73878CF91900A69900F42C0F /* CSRecordAudioController.m in Sources */ = {isa = PBXBuildFile; fileRef = 73878CF81900A69900F42C0F /* CSRecordAudioController.m */; };
		73F5197018E30DB8003A947B /* CSAvailableToursController.m in Sources */ = {isa = PBXBuildFile; fileRef = 73F5196F18E30DB8003A947B /* CSAvailableToursController.m */; };
		8A3011D918EFA46400939E4E /* CSNewTourLocationsController.m in Sources */ = {isa = PBXBuildFile; fileRef = 8A3011D818EFA46400939E4E /* CSNewTourLocationsController.m */; };
		8A3011DC18F082CD00939E4E /* CSNewTourSingleLocationController.m in Sources */ = {isa = PBXBuildFile; fileRef = 8A3011DB18F082CD00939E4E /* CSNewTourSingleLocationController.m */; };
		8A3011DF18F0B0BD00939E4E /* CSAddMediaController.m in Sources */ = {isa = PBXBuildFile; fileRef = 8A3011DE18F0B0BD00939E4E /* CSAddMediaController.m */; };
		8A3011E218F0D22300939E4E /* CSUploadImageController.m in Sources */ = {isa = PBXBuildFile; fileRef = 8A3011E118F0D22300939E4E /* CSUploadImageController.m */; };
		8A7E611518E2A09600CA3A66 /* Parse.framework in Frameworks */ = {isa = PBXBuildFile; fileRef = 8A7E611418E2A09600CA3A66 /* Parse.framework */; };
		8A7E611718E2A1B400CA3A66 /* AudioToolbox.framework in Frameworks */ = {isa = PBXBuildFile; fileRef = 8A7E611618E2A1B400CA3A66 /* AudioToolbox.framework */; };
		8A7E611918E2A1C100CA3A66 /* CFNetwork.framework in Frameworks */ = {isa = PBXBuildFile; fileRef = 8A7E611818E2A1C100CA3A66 /* CFNetwork.framework */; };
		8A7E611B18E2A1EF00CA3A66 /* CoreLocation.framework in Frameworks */ = {isa = PBXBuildFile; fileRef = 8A7E611A18E2A1EF00CA3A66 /* CoreLocation.framework */; };
		8A7E611D18E2A1FA00CA3A66 /* libz.dylib in Frameworks */ = {isa = PBXBuildFile; fileRef = 8A7E611C18E2A1FA00CA3A66 /* libz.dylib */; };
		8A7E611F18E2A20F00CA3A66 /* MobileCoreServices.framework in Frameworks */ = {isa = PBXBuildFile; fileRef = 8A7E611E18E2A20F00CA3A66 /* MobileCoreServices.framework */; };
		8A7E612118E2A22800CA3A66 /* QuartzCore.framework in Frameworks */ = {isa = PBXBuildFile; fileRef = 8A7E612018E2A22800CA3A66 /* QuartzCore.framework */; };
		8A7E612318E2A23000CA3A66 /* Security.framework in Frameworks */ = {isa = PBXBuildFile; fileRef = 8A7E612218E2A23000CA3A66 /* Security.framework */; };
		8A7E612518E2A23A00CA3A66 /* StoreKit.framework in Frameworks */ = {isa = PBXBuildFile; fileRef = 8A7E612418E2A23A00CA3A66 /* StoreKit.framework */; };
		8A7E612718E2A24E00CA3A66 /* SystemConfiguration.framework in Frameworks */ = {isa = PBXBuildFile; fileRef = 8A7E612618E2A24E00CA3A66 /* SystemConfiguration.framework */; };
		8A7E612A18E363DA00CA3A66 /* CSStartTourViewController.m in Sources */ = {isa = PBXBuildFile; fileRef = 8A7E612918E363DA00CA3A66 /* CSStartTourViewController.m */; };
		8A7E612D18EF9BF900CA3A66 /* CSNewTourDescriptionController.m in Sources */ = {isa = PBXBuildFile; fileRef = 8A7E612C18EF9BF900CA3A66 /* CSNewTourDescriptionController.m */; };
/* End PBXBuildFile section */

/* Begin PBXContainerItemProxy section */
		733198BF18DE47CC001CBEED /* PBXContainerItemProxy */ = {
			isa = PBXContainerItemProxy;
			containerPortal = 7331989118DE47CC001CBEED /* Project object */;
			proxyType = 1;
			remoteGlobalIDString = 7331989818DE47CC001CBEED;
			remoteInfo = CampusSherpa;
		};
/* End PBXContainerItemProxy section */

/* Begin PBXFileReference section */
		7331989918DE47CC001CBEED /* CampusSherpa.app */ = {isa = PBXFileReference; explicitFileType = wrapper.application; includeInIndex = 0; path = CampusSherpa.app; sourceTree = BUILT_PRODUCTS_DIR; };
		7331989C18DE47CC001CBEED /* Foundation.framework */ = {isa = PBXFileReference; lastKnownFileType = wrapper.framework; name = Foundation.framework; path = System/Library/Frameworks/Foundation.framework; sourceTree = SDKROOT; };
		7331989E18DE47CC001CBEED /* CoreGraphics.framework */ = {isa = PBXFileReference; lastKnownFileType = wrapper.framework; name = CoreGraphics.framework; path = System/Library/Frameworks/CoreGraphics.framework; sourceTree = SDKROOT; };
		733198A018DE47CC001CBEED /* UIKit.framework */ = {isa = PBXFileReference; lastKnownFileType = wrapper.framework; name = UIKit.framework; path = System/Library/Frameworks/UIKit.framework; sourceTree = SDKROOT; };
		733198A418DE47CC001CBEED /* CampusSherpa-Info.plist */ = {isa = PBXFileReference; lastKnownFileType = text.plist.xml; path = "CampusSherpa-Info.plist"; sourceTree = "<group>"; };
		733198A618DE47CC001CBEED /* en */ = {isa = PBXFileReference; lastKnownFileType = text.plist.strings; name = en; path = en.lproj/InfoPlist.strings; sourceTree = "<group>"; };
		733198A818DE47CC001CBEED /* main.m */ = {isa = PBXFileReference; lastKnownFileType = sourcecode.c.objc; path = main.m; sourceTree = "<group>"; };
		733198AA18DE47CC001CBEED /* CampusSherpa-Prefix.pch */ = {isa = PBXFileReference; lastKnownFileType = sourcecode.c.h; path = "CampusSherpa-Prefix.pch"; sourceTree = "<group>"; };
		733198AB18DE47CC001CBEED /* CSAppDelegate.h */ = {isa = PBXFileReference; lastKnownFileType = sourcecode.c.h; path = CSAppDelegate.h; sourceTree = "<group>"; };
		733198AC18DE47CC001CBEED /* CSAppDelegate.m */ = {isa = PBXFileReference; lastKnownFileType = sourcecode.c.objc; path = CSAppDelegate.m; sourceTree = "<group>"; };
		733198AF18DE47CC001CBEED /* Base */ = {isa = PBXFileReference; lastKnownFileType = file.storyboard; name = Base; path = Base.lproj/Main.storyboard; sourceTree = "<group>"; };
		733198B418DE47CC001CBEED /* Images.xcassets */ = {isa = PBXFileReference; lastKnownFileType = folder.assetcatalog; path = Images.xcassets; sourceTree = "<group>"; };
		733198BA18DE47CC001CBEED /* CampusSherpaTests.xctest */ = {isa = PBXFileReference; explicitFileType = wrapper.cfbundle; includeInIndex = 0; path = CampusSherpaTests.xctest; sourceTree = BUILT_PRODUCTS_DIR; };
		733198BB18DE47CC001CBEED /* XCTest.framework */ = {isa = PBXFileReference; lastKnownFileType = wrapper.framework; name = XCTest.framework; path = Library/Frameworks/XCTest.framework; sourceTree = DEVELOPER_DIR; };
		733198C318DE47CC001CBEED /* CampusSherpaTests-Info.plist */ = {isa = PBXFileReference; lastKnownFileType = text.plist.xml; path = "CampusSherpaTests-Info.plist"; sourceTree = "<group>"; };
		733198C518DE47CC001CBEED /* en */ = {isa = PBXFileReference; lastKnownFileType = text.plist.strings; name = en; path = en.lproj/InfoPlist.strings; sourceTree = "<group>"; };
		733198C718DE47CC001CBEED /* CampusSherpaTests.m */ = {isa = PBXFileReference; lastKnownFileType = sourcecode.c.objc; path = CampusSherpaTests.m; sourceTree = "<group>"; };
		733198D418DE49AF001CBEED /* CSTour.h */ = {isa = PBXFileReference; fileEncoding = 4; lastKnownFileType = sourcecode.c.h; name = CSTour.h; path = Models/CSTour.h; sourceTree = "<group>"; };
		733198D518DE49AF001CBEED /* CSTour.m */ = {isa = PBXFileReference; fileEncoding = 4; lastKnownFileType = sourcecode.c.objc; name = CSTour.m; path = Models/CSTour.m; sourceTree = "<group>"; };
		733198D718DE4A4C001CBEED /* CSUser.h */ = {isa = PBXFileReference; fileEncoding = 4; lastKnownFileType = sourcecode.c.h; name = CSUser.h; path = Models/CSUser.h; sourceTree = "<group>"; };
		733198D818DE4A4C001CBEED /* CSUser.m */ = {isa = PBXFileReference; fileEncoding = 4; lastKnownFileType = sourcecode.c.objc; name = CSUser.m; path = Models/CSUser.m; sourceTree = "<group>"; };
		733198DA18DE4A58001CBEED /* CSTourLocation.h */ = {isa = PBXFileReference; fileEncoding = 4; lastKnownFileType = sourcecode.c.h; name = CSTourLocation.h; path = Models/CSTourLocation.h; sourceTree = "<group>"; };
		733198DB18DE4A58001CBEED /* CSTourLocation.m */ = {isa = PBXFileReference; fileEncoding = 4; lastKnownFileType = sourcecode.c.objc; name = CSTourLocation.m; path = Models/CSTourLocation.m; sourceTree = "<group>"; };
		733198DD18DE4A67001CBEED /* CSTourMedia.h */ = {isa = PBXFileReference; fileEncoding = 4; lastKnownFileType = sourcecode.c.h; name = CSTourMedia.h; path = Models/CSTourMedia.h; sourceTree = "<group>"; };
		733198DE18DE4A67001CBEED /* CSTourMedia.m */ = {isa = PBXFileReference; fileEncoding = 4; lastKnownFileType = sourcecode.c.objc; name = CSTourMedia.m; path = Models/CSTourMedia.m; sourceTree = "<group>"; };
		7343BDF018E20EFE006321FD /* MapKit.framework */ = {isa = PBXFileReference; lastKnownFileType = wrapper.framework; name = MapKit.framework; path = System/Library/Frameworks/MapKit.framework; sourceTree = SDKROOT; };
		736D48B018EB828000DA9E56 /* CSTourMediaListViewController.h */ = {isa = PBXFileReference; fileEncoding = 4; lastKnownFileType = sourcecode.c.h; path = CSTourMediaListViewController.h; sourceTree = "<group>"; };
		736D48B118EB828000DA9E56 /* CSTourMediaListViewController.m */ = {isa = PBXFileReference; fileEncoding = 4; lastKnownFileType = sourcecode.c.objc; path = CSTourMediaListViewController.m; sourceTree = "<group>"; };
		736D48B318EB8AF200DA9E56 /* CSTourMediaDetailViewController.h */ = {isa = PBXFileReference; fileEncoding = 4; lastKnownFileType = sourcecode.c.h; path = CSTourMediaDetailViewController.h; sourceTree = "<group>"; };
		736D48B418EB8AF200DA9E56 /* CSTourMediaDetailViewController.m */ = {isa = PBXFileReference; fileEncoding = 4; lastKnownFileType = sourcecode.c.objc; path = CSTourMediaDetailViewController.m; sourceTree = "<group>"; };
		7371C04718E8FE5700A9BD84 /* CSTourLocationViewController.h */ = {isa = PBXFileReference; fileEncoding = 4; lastKnownFileType = sourcecode.c.h; path = CSTourLocationViewController.h; sourceTree = "<group>"; };
		7371C04818E8FE5700A9BD84 /* CSTourLocationViewController.m */ = {isa = PBXFileReference; fileEncoding = 4; lastKnownFileType = sourcecode.c.objc; path = CSTourLocationViewController.m; sourceTree = "<group>"; };
		73878CF71900A69900F42C0F /* CSRecordAudioController.h */ = {isa = PBXFileReference; fileEncoding = 4; lastKnownFileType = sourcecode.c.h; path = CSRecordAudioController.h; sourceTree = "<group>"; };
		73878CF81900A69900F42C0F /* CSRecordAudioController.m */ = {isa = PBXFileReference; fileEncoding = 4; lastKnownFileType = sourcecode.c.objc; path = CSRecordAudioController.m; sourceTree = "<group>"; };
		73F5196E18E30DB8003A947B /* CSAvailableToursController.h */ = {isa = PBXFileReference; fileEncoding = 4; lastKnownFileType = sourcecode.c.h; path = CSAvailableToursController.h; sourceTree = "<group>"; };
		73F5196F18E30DB8003A947B /* CSAvailableToursController.m */ = {isa = PBXFileReference; fileEncoding = 4; lastKnownFileType = sourcecode.c.objc; path = CSAvailableToursController.m; sourceTree = "<group>"; };
		8A3011D718EFA46400939E4E /* CSNewTourLocationsController.h */ = {isa = PBXFileReference; fileEncoding = 4; lastKnownFileType = sourcecode.c.h; path = CSNewTourLocationsController.h; sourceTree = "<group>"; };
		8A3011D818EFA46400939E4E /* CSNewTourLocationsController.m */ = {isa = PBXFileReference; fileEncoding = 4; lastKnownFileType = sourcecode.c.objc; path = CSNewTourLocationsController.m; sourceTree = "<group>"; };
		8A3011DA18F082CD00939E4E /* CSNewTourSingleLocationController.h */ = {isa = PBXFileReference; fileEncoding = 4; lastKnownFileType = sourcecode.c.h; path = CSNewTourSingleLocationController.h; sourceTree = "<group>"; };
		8A3011DB18F082CD00939E4E /* CSNewTourSingleLocationController.m */ = {isa = PBXFileReference; fileEncoding = 4; lastKnownFileType = sourcecode.c.objc; path = CSNewTourSingleLocationController.m; sourceTree = "<group>"; };
		8A3011DD18F0B0BD00939E4E /* CSAddMediaController.h */ = {isa = PBXFileReference; fileEncoding = 4; lastKnownFileType = sourcecode.c.h; path = CSAddMediaController.h; sourceTree = "<group>"; };
		8A3011DE18F0B0BD00939E4E /* CSAddMediaController.m */ = {isa = PBXFileReference; fileEncoding = 4; lastKnownFileType = sourcecode.c.objc; path = CSAddMediaController.m; sourceTree = "<group>"; };
		8A3011E018F0D22300939E4E /* CSUploadImageController.h */ = {isa = PBXFileReference; fileEncoding = 4; lastKnownFileType = sourcecode.c.h; path = CSUploadImageController.h; sourceTree = "<group>"; };
		8A3011E118F0D22300939E4E /* CSUploadImageController.m */ = {isa = PBXFileReference; fileEncoding = 4; lastKnownFileType = sourcecode.c.objc; path = CSUploadImageController.m; sourceTree = "<group>"; };
		8A7E611418E2A09600CA3A66 /* Parse.framework */ = {isa = PBXFileReference; lastKnownFileType = wrapper.framework; path = Parse.framework; sourceTree = "<group>"; };
		8A7E611618E2A1B400CA3A66 /* AudioToolbox.framework */ = {isa = PBXFileReference; lastKnownFileType = wrapper.framework; name = AudioToolbox.framework; path = System/Library/Frameworks/AudioToolbox.framework; sourceTree = SDKROOT; };
		8A7E611818E2A1C100CA3A66 /* CFNetwork.framework */ = {isa = PBXFileReference; lastKnownFileType = wrapper.framework; name = CFNetwork.framework; path = System/Library/Frameworks/CFNetwork.framework; sourceTree = SDKROOT; };
		8A7E611A18E2A1EF00CA3A66 /* CoreLocation.framework */ = {isa = PBXFileReference; lastKnownFileType = wrapper.framework; name = CoreLocation.framework; path = System/Library/Frameworks/CoreLocation.framework; sourceTree = SDKROOT; };
		8A7E611C18E2A1FA00CA3A66 /* libz.dylib */ = {isa = PBXFileReference; lastKnownFileType = "compiled.mach-o.dylib"; name = libz.dylib; path = usr/lib/libz.dylib; sourceTree = SDKROOT; };
		8A7E611E18E2A20F00CA3A66 /* MobileCoreServices.framework */ = {isa = PBXFileReference; lastKnownFileType = wrapper.framework; name = MobileCoreServices.framework; path = System/Library/Frameworks/MobileCoreServices.framework; sourceTree = SDKROOT; };
		8A7E612018E2A22800CA3A66 /* QuartzCore.framework */ = {isa = PBXFileReference; lastKnownFileType = wrapper.framework; name = QuartzCore.framework; path = System/Library/Frameworks/QuartzCore.framework; sourceTree = SDKROOT; };
		8A7E612218E2A23000CA3A66 /* Security.framework */ = {isa = PBXFileReference; lastKnownFileType = wrapper.framework; name = Security.framework; path = System/Library/Frameworks/Security.framework; sourceTree = SDKROOT; };
		8A7E612418E2A23A00CA3A66 /* StoreKit.framework */ = {isa = PBXFileReference; lastKnownFileType = wrapper.framework; name = StoreKit.framework; path = System/Library/Frameworks/StoreKit.framework; sourceTree = SDKROOT; };
		8A7E612618E2A24E00CA3A66 /* SystemConfiguration.framework */ = {isa = PBXFileReference; lastKnownFileType = wrapper.framework; name = SystemConfiguration.framework; path = System/Library/Frameworks/SystemConfiguration.framework; sourceTree = SDKROOT; };
		8A7E612818E363DA00CA3A66 /* CSStartTourViewController.h */ = {isa = PBXFileReference; fileEncoding = 4; lastKnownFileType = sourcecode.c.h; path = CSStartTourViewController.h; sourceTree = "<group>"; };
		8A7E612918E363DA00CA3A66 /* CSStartTourViewController.m */ = {isa = PBXFileReference; fileEncoding = 4; lastKnownFileType = sourcecode.c.objc; path = CSStartTourViewController.m; sourceTree = "<group>"; };
		8A7E612B18EF9BF900CA3A66 /* CSNewTourDescriptionController.h */ = {isa = PBXFileReference; fileEncoding = 4; lastKnownFileType = sourcecode.c.h; path = CSNewTourDescriptionController.h; sourceTree = "<group>"; };
		8A7E612C18EF9BF900CA3A66 /* CSNewTourDescriptionController.m */ = {isa = PBXFileReference; fileEncoding = 4; lastKnownFileType = sourcecode.c.objc; path = CSNewTourDescriptionController.m; sourceTree = "<group>"; };
/* End PBXFileReference section */

/* Begin PBXFrameworksBuildPhase section */
		7331989618DE47CC001CBEED /* Frameworks */ = {
			isa = PBXFrameworksBuildPhase;
			buildActionMask = 2147483647;
			files = (
				8A7E612718E2A24E00CA3A66 /* SystemConfiguration.framework in Frameworks */,
				8A7E612518E2A23A00CA3A66 /* StoreKit.framework in Frameworks */,
				8A7E612318E2A23000CA3A66 /* Security.framework in Frameworks */,
				8A7E612118E2A22800CA3A66 /* QuartzCore.framework in Frameworks */,
				8A7E611F18E2A20F00CA3A66 /* MobileCoreServices.framework in Frameworks */,
				8A7E611D18E2A1FA00CA3A66 /* libz.dylib in Frameworks */,
				8A7E611B18E2A1EF00CA3A66 /* CoreLocation.framework in Frameworks */,
				8A7E611918E2A1C100CA3A66 /* CFNetwork.framework in Frameworks */,
				8A7E611718E2A1B400CA3A66 /* AudioToolbox.framework in Frameworks */,
				7343BDF118E20EFE006321FD /* MapKit.framework in Frameworks */,
				7331989F18DE47CC001CBEED /* CoreGraphics.framework in Frameworks */,
				733198A118DE47CC001CBEED /* UIKit.framework in Frameworks */,
				7331989D18DE47CC001CBEED /* Foundation.framework in Frameworks */,
				8A7E611518E2A09600CA3A66 /* Parse.framework in Frameworks */,
			);
			runOnlyForDeploymentPostprocessing = 0;
		};
		733198B718DE47CC001CBEED /* Frameworks */ = {
			isa = PBXFrameworksBuildPhase;
			buildActionMask = 2147483647;
			files = (
				733198BC18DE47CC001CBEED /* XCTest.framework in Frameworks */,
				733198BE18DE47CC001CBEED /* UIKit.framework in Frameworks */,
				733198BD18DE47CC001CBEED /* Foundation.framework in Frameworks */,
			);
			runOnlyForDeploymentPostprocessing = 0;
		};
/* End PBXFrameworksBuildPhase section */

/* Begin PBXGroup section */
		7331989018DE47CC001CBEED = {
			isa = PBXGroup;
			children = (
				733198A218DE47CC001CBEED /* CampusSherpa */,
				733198C118DE47CC001CBEED /* CampusSherpaTests */,
				7331989B18DE47CC001CBEED /* Frameworks */,
				7331989A18DE47CC001CBEED /* Products */,
			);
			sourceTree = "<group>";
		};
		7331989A18DE47CC001CBEED /* Products */ = {
			isa = PBXGroup;
			children = (
				7331989918DE47CC001CBEED /* CampusSherpa.app */,
				733198BA18DE47CC001CBEED /* CampusSherpaTests.xctest */,
			);
			name = Products;
			sourceTree = "<group>";
		};
		7331989B18DE47CC001CBEED /* Frameworks */ = {
			isa = PBXGroup;
			children = (
				8A7E612618E2A24E00CA3A66 /* SystemConfiguration.framework */,
				8A7E612418E2A23A00CA3A66 /* StoreKit.framework */,
				8A7E612218E2A23000CA3A66 /* Security.framework */,
				8A7E612018E2A22800CA3A66 /* QuartzCore.framework */,
				8A7E611E18E2A20F00CA3A66 /* MobileCoreServices.framework */,
				8A7E611C18E2A1FA00CA3A66 /* libz.dylib */,
				8A7E611A18E2A1EF00CA3A66 /* CoreLocation.framework */,
				8A7E611818E2A1C100CA3A66 /* CFNetwork.framework */,
				8A7E611618E2A1B400CA3A66 /* AudioToolbox.framework */,
				8A7E611418E2A09600CA3A66 /* Parse.framework */,
				7343BDF018E20EFE006321FD /* MapKit.framework */,
				7331989C18DE47CC001CBEED /* Foundation.framework */,
				7331989E18DE47CC001CBEED /* CoreGraphics.framework */,
				733198A018DE47CC001CBEED /* UIKit.framework */,
				733198BB18DE47CC001CBEED /* XCTest.framework */,
			);
			name = Frameworks;
			sourceTree = "<group>";
		};
		733198A218DE47CC001CBEED /* CampusSherpa */ = {
			isa = PBXGroup;
			children = (
				73F5196D18E30D66003A947B /* Controllers */,
				733198D318DE4963001CBEED /* Models */,
				733198AB18DE47CC001CBEED /* CSAppDelegate.h */,
				733198AC18DE47CC001CBEED /* CSAppDelegate.m */,
				733198AE18DE47CC001CBEED /* Main.storyboard */,
				733198B418DE47CC001CBEED /* Images.xcassets */,
				733198A318DE47CC001CBEED /* Supporting Files */,
			);
			path = CampusSherpa;
			sourceTree = "<group>";
		};
		733198A318DE47CC001CBEED /* Supporting Files */ = {
			isa = PBXGroup;
			children = (
				733198A418DE47CC001CBEED /* CampusSherpa-Info.plist */,
				733198A518DE47CC001CBEED /* InfoPlist.strings */,
				733198A818DE47CC001CBEED /* main.m */,
				733198AA18DE47CC001CBEED /* CampusSherpa-Prefix.pch */,
			);
			name = "Supporting Files";
			sourceTree = "<group>";
		};
		733198C118DE47CC001CBEED /* CampusSherpaTests */ = {
			isa = PBXGroup;
			children = (
				733198C718DE47CC001CBEED /* CampusSherpaTests.m */,
				733198C218DE47CC001CBEED /* Supporting Files */,
			);
			path = CampusSherpaTests;
			sourceTree = "<group>";
		};
		733198C218DE47CC001CBEED /* Supporting Files */ = {
			isa = PBXGroup;
			children = (
				733198C318DE47CC001CBEED /* CampusSherpaTests-Info.plist */,
				733198C418DE47CC001CBEED /* InfoPlist.strings */,
			);
			name = "Supporting Files";
			sourceTree = "<group>";
		};
		733198D318DE4963001CBEED /* Models */ = {
			isa = PBXGroup;
			children = (
				733198D418DE49AF001CBEED /* CSTour.h */,
				733198D518DE49AF001CBEED /* CSTour.m */,
				733198D718DE4A4C001CBEED /* CSUser.h */,
				733198D818DE4A4C001CBEED /* CSUser.m */,
				733198DA18DE4A58001CBEED /* CSTourLocation.h */,
				733198DB18DE4A58001CBEED /* CSTourLocation.m */,
				733198DD18DE4A67001CBEED /* CSTourMedia.h */,
				733198DE18DE4A67001CBEED /* CSTourMedia.m */,
			);
			name = Models;
			sourceTree = "<group>";
		};
		73F5196D18E30D66003A947B /* Controllers */ = {
			isa = PBXGroup;
			children = (
				73F5196E18E30DB8003A947B /* CSAvailableToursController.h */,
				73F5196F18E30DB8003A947B /* CSAvailableToursController.m */,
				8A7E612818E363DA00CA3A66 /* CSStartTourViewController.h */,
				8A7E612918E363DA00CA3A66 /* CSStartTourViewController.m */,
				7371C04718E8FE5700A9BD84 /* CSTourLocationViewController.h */,
				7371C04818E8FE5700A9BD84 /* CSTourLocationViewController.m */,
				736D48B018EB828000DA9E56 /* CSTourMediaListViewController.h */,
				736D48B118EB828000DA9E56 /* CSTourMediaListViewController.m */,
				736D48B318EB8AF200DA9E56 /* CSTourMediaDetailViewController.h */,
				736D48B418EB8AF200DA9E56 /* CSTourMediaDetailViewController.m */,
				8A7E612B18EF9BF900CA3A66 /* CSNewTourDescriptionController.h */,
				8A7E612C18EF9BF900CA3A66 /* CSNewTourDescriptionController.m */,
				8A3011D718EFA46400939E4E /* CSNewTourLocationsController.h */,
				8A3011D818EFA46400939E4E /* CSNewTourLocationsController.m */,
				8A3011DA18F082CD00939E4E /* CSNewTourSingleLocationController.h */,
				8A3011DB18F082CD00939E4E /* CSNewTourSingleLocationController.m */,
				8A3011DD18F0B0BD00939E4E /* CSAddMediaController.h */,
				8A3011DE18F0B0BD00939E4E /* CSAddMediaController.m */,
				8A3011E018F0D22300939E4E /* CSUploadImageController.h */,
				8A3011E118F0D22300939E4E /* CSUploadImageController.m */,
				73878CF71900A69900F42C0F /* CSRecordAudioController.h */,
				73878CF81900A69900F42C0F /* CSRecordAudioController.m */,
			);
			name = Controllers;
			sourceTree = "<group>";
		};
/* End PBXGroup section */

/* Begin PBXNativeTarget section */
		7331989818DE47CC001CBEED /* CampusSherpa */ = {
			isa = PBXNativeTarget;
			buildConfigurationList = 733198CB18DE47CC001CBEED /* Build configuration list for PBXNativeTarget "CampusSherpa" */;
			buildPhases = (
				7331989518DE47CC001CBEED /* Sources */,
				7331989618DE47CC001CBEED /* Frameworks */,
				7331989718DE47CC001CBEED /* Resources */,
			);
			buildRules = (
			);
			dependencies = (
			);
			name = CampusSherpa;
			productName = CampusSherpa;
			productReference = 7331989918DE47CC001CBEED /* CampusSherpa.app */;
			productType = "com.apple.product-type.application";
		};
		733198B918DE47CC001CBEED /* CampusSherpaTests */ = {
			isa = PBXNativeTarget;
			buildConfigurationList = 733198CE18DE47CC001CBEED /* Build configuration list for PBXNativeTarget "CampusSherpaTests" */;
			buildPhases = (
				733198B618DE47CC001CBEED /* Sources */,
				733198B718DE47CC001CBEED /* Frameworks */,
				733198B818DE47CC001CBEED /* Resources */,
			);
			buildRules = (
			);
			dependencies = (
				733198C018DE47CC001CBEED /* PBXTargetDependency */,
			);
			name = CampusSherpaTests;
			productName = CampusSherpaTests;
			productReference = 733198BA18DE47CC001CBEED /* CampusSherpaTests.xctest */;
			productType = "com.apple.product-type.bundle.unit-test";
		};
/* End PBXNativeTarget section */

/* Begin PBXProject section */
		7331989118DE47CC001CBEED /* Project object */ = {
			isa = PBXProject;
			attributes = {
				CLASSPREFIX = CS;
				LastUpgradeCheck = 0510;
				ORGANIZATIONNAME = "Campus Sherpa";
				TargetAttributes = {
					733198B918DE47CC001CBEED = {
						TestTargetID = 7331989818DE47CC001CBEED;
					};
				};
			};
			buildConfigurationList = 7331989418DE47CC001CBEED /* Build configuration list for PBXProject "CampusSherpa" */;
			compatibilityVersion = "Xcode 3.2";
			developmentRegion = English;
			hasScannedForEncodings = 0;
			knownRegions = (
				en,
				Base,
			);
			mainGroup = 7331989018DE47CC001CBEED;
			productRefGroup = 7331989A18DE47CC001CBEED /* Products */;
			projectDirPath = "";
			projectRoot = "";
			targets = (
				7331989818DE47CC001CBEED /* CampusSherpa */,
				733198B918DE47CC001CBEED /* CampusSherpaTests */,
			);
		};
/* End PBXProject section */

/* Begin PBXResourcesBuildPhase section */
		7331989718DE47CC001CBEED /* Resources */ = {
			isa = PBXResourcesBuildPhase;
			buildActionMask = 2147483647;
			files = (
				733198B518DE47CC001CBEED /* Images.xcassets in Resources */,
				733198A718DE47CC001CBEED /* InfoPlist.strings in Resources */,
				733198B018DE47CC001CBEED /* Main.storyboard in Resources */,
			);
			runOnlyForDeploymentPostprocessing = 0;
		};
		733198B818DE47CC001CBEED /* Resources */ = {
			isa = PBXResourcesBuildPhase;
			buildActionMask = 2147483647;
			files = (
				733198C618DE47CC001CBEED /* InfoPlist.strings in Resources */,
			);
			runOnlyForDeploymentPostprocessing = 0;
		};
/* End PBXResourcesBuildPhase section */

/* Begin PBXSourcesBuildPhase section */
		7331989518DE47CC001CBEED /* Sources */ = {
			isa = PBXSourcesBuildPhase;
			buildActionMask = 2147483647;
			files = (
				73F5197018E30DB8003A947B /* CSAvailableToursController.m in Sources */,
				7371C04918E8FE5700A9BD84 /* CSTourLocationViewController.m in Sources */,
				8A3011D918EFA46400939E4E /* CSNewTourLocationsController.m in Sources */,
				8A7E612D18EF9BF900CA3A66 /* CSNewTourDescriptionController.m in Sources */,
				736D48B518EB8AF200DA9E56 /* CSTourMediaDetailViewController.m in Sources */,
				733198AD18DE47CC001CBEED /* CSAppDelegate.m in Sources */,
				8A3011E218F0D22300939E4E /* CSUploadImageController.m in Sources */,
				8A3011DC18F082CD00939E4E /* CSNewTourSingleLocationController.m in Sources */,
				733198DF18DE4A67001CBEED /* CSTourMedia.m in Sources */,
				733198A918DE47CC001CBEED /* main.m in Sources */,
				73878CF91900A69900F42C0F /* CSRecordAudioController.m in Sources */,
				736D48B218EB828000DA9E56 /* CSTourMediaListViewController.m in Sources */,
				733198DC18DE4A58001CBEED /* CSTourLocation.m in Sources */,
				8A3011DF18F0B0BD00939E4E /* CSAddMediaController.m in Sources */,
				733198D618DE49AF001CBEED /* CSTour.m in Sources */,
				733198D918DE4A4C001CBEED /* CSUser.m in Sources */,
				8A7E612A18E363DA00CA3A66 /* CSStartTourViewController.m in Sources */,
			);
			runOnlyForDeploymentPostprocessing = 0;
		};
		733198B618DE47CC001CBEED /* Sources */ = {
			isa = PBXSourcesBuildPhase;
			buildActionMask = 2147483647;
			files = (
				733198C818DE47CC001CBEED /* CampusSherpaTests.m in Sources */,
			);
			runOnlyForDeploymentPostprocessing = 0;
		};
/* End PBXSourcesBuildPhase section */

/* Begin PBXTargetDependency section */
		733198C018DE47CC001CBEED /* PBXTargetDependency */ = {
			isa = PBXTargetDependency;
			target = 7331989818DE47CC001CBEED /* CampusSherpa */;
			targetProxy = 733198BF18DE47CC001CBEED /* PBXContainerItemProxy */;
		};
/* End PBXTargetDependency section */

/* Begin PBXVariantGroup section */
		733198A518DE47CC001CBEED /* InfoPlist.strings */ = {
			isa = PBXVariantGroup;
			children = (
				733198A618DE47CC001CBEED /* en */,
			);
			name = InfoPlist.strings;
			sourceTree = "<group>";
		};
		733198AE18DE47CC001CBEED /* Main.storyboard */ = {
			isa = PBXVariantGroup;
			children = (
				733198AF18DE47CC001CBEED /* Base */,
			);
			name = Main.storyboard;
			sourceTree = "<group>";
		};
		733198C418DE47CC001CBEED /* InfoPlist.strings */ = {
			isa = PBXVariantGroup;
			children = (
				733198C518DE47CC001CBEED /* en */,
			);
			name = InfoPlist.strings;
			sourceTree = "<group>";
		};
/* End PBXVariantGroup section */

/* Begin XCBuildConfiguration section */
		733198C918DE47CC001CBEED /* Debug */ = {
			isa = XCBuildConfiguration;
			buildSettings = {
				ALWAYS_SEARCH_USER_PATHS = NO;
				CLANG_CXX_LANGUAGE_STANDARD = "gnu++0x";
				CLANG_CXX_LIBRARY = "libc++";
				CLANG_ENABLE_MODULES = YES;
				CLANG_ENABLE_OBJC_ARC = YES;
				CLANG_WARN_BOOL_CONVERSION = YES;
				CLANG_WARN_CONSTANT_CONVERSION = YES;
				CLANG_WARN_DIRECT_OBJC_ISA_USAGE = YES_ERROR;
				CLANG_WARN_EMPTY_BODY = YES;
				CLANG_WARN_ENUM_CONVERSION = YES;
				CLANG_WARN_INT_CONVERSION = YES;
				CLANG_WARN_OBJC_ROOT_CLASS = YES_ERROR;
				CLANG_WARN__DUPLICATE_METHOD_MATCH = YES;
				"CODE_SIGN_IDENTITY[sdk=iphoneos*]" = "iPhone Developer";
				COPY_PHASE_STRIP = NO;
				GCC_C_LANGUAGE_STANDARD = gnu99;
				GCC_DYNAMIC_NO_PIC = NO;
				GCC_OPTIMIZATION_LEVEL = 0;
				GCC_PREPROCESSOR_DEFINITIONS = (
					"DEBUG=1",
					"$(inherited)",
				);
				GCC_SYMBOLS_PRIVATE_EXTERN = NO;
				GCC_WARN_64_TO_32_BIT_CONVERSION = YES;
				GCC_WARN_ABOUT_RETURN_TYPE = YES_ERROR;
				GCC_WARN_UNDECLARED_SELECTOR = YES;
				GCC_WARN_UNINITIALIZED_AUTOS = YES_AGGRESSIVE;
				GCC_WARN_UNUSED_FUNCTION = YES;
				GCC_WARN_UNUSED_VARIABLE = YES;
				IPHONEOS_DEPLOYMENT_TARGET = 7.1;
				ONLY_ACTIVE_ARCH = YES;
				SDKROOT = iphoneos;
			};
			name = Debug;
		};
		733198CA18DE47CC001CBEED /* Release */ = {
			isa = XCBuildConfiguration;
			buildSettings = {
				ALWAYS_SEARCH_USER_PATHS = NO;
				CLANG_CXX_LANGUAGE_STANDARD = "gnu++0x";
				CLANG_CXX_LIBRARY = "libc++";
				CLANG_ENABLE_MODULES = YES;
				CLANG_ENABLE_OBJC_ARC = YES;
				CLANG_WARN_BOOL_CONVERSION = YES;
				CLANG_WARN_CONSTANT_CONVERSION = YES;
				CLANG_WARN_DIRECT_OBJC_ISA_USAGE = YES_ERROR;
				CLANG_WARN_EMPTY_BODY = YES;
				CLANG_WARN_ENUM_CONVERSION = YES;
				CLANG_WARN_INT_CONVERSION = YES;
				CLANG_WARN_OBJC_ROOT_CLASS = YES_ERROR;
				CLANG_WARN__DUPLICATE_METHOD_MATCH = YES;
				"CODE_SIGN_IDENTITY[sdk=iphoneos*]" = "iPhone Developer";
				COPY_PHASE_STRIP = YES;
				ENABLE_NS_ASSERTIONS = NO;
				GCC_C_LANGUAGE_STANDARD = gnu99;
				GCC_WARN_64_TO_32_BIT_CONVERSION = YES;
				GCC_WARN_ABOUT_RETURN_TYPE = YES_ERROR;
				GCC_WARN_UNDECLARED_SELECTOR = YES;
				GCC_WARN_UNINITIALIZED_AUTOS = YES_AGGRESSIVE;
				GCC_WARN_UNUSED_FUNCTION = YES;
				GCC_WARN_UNUSED_VARIABLE = YES;
				IPHONEOS_DEPLOYMENT_TARGET = 7.1;
				SDKROOT = iphoneos;
				VALIDATE_PRODUCT = YES;
			};
			name = Release;
		};
		733198CC18DE47CC001CBEED /* Debug */ = {
			isa = XCBuildConfiguration;
			buildSettings = {
				ASSETCATALOG_COMPILER_APPICON_NAME = AppIcon;
				ASSETCATALOG_COMPILER_LAUNCHIMAGE_NAME = LaunchImage;
				FRAMEWORK_SEARCH_PATHS = (
					"$(inherited)",
					"$(PROJECT_DIR)",
				);
				GCC_PRECOMPILE_PREFIX_HEADER = YES;
				GCC_PREFIX_HEADER = "CampusSherpa/CampusSherpa-Prefix.pch";
				INFOPLIST_FILE = "CampusSherpa/CampusSherpa-Info.plist";
				PRODUCT_NAME = "$(TARGET_NAME)";
				WRAPPER_EXTENSION = app;
			};
			name = Debug;
		};
		733198CD18DE47CC001CBEED /* Release */ = {
			isa = XCBuildConfiguration;
			buildSettings = {
				ASSETCATALOG_COMPILER_APPICON_NAME = AppIcon;
				ASSETCATALOG_COMPILER_LAUNCHIMAGE_NAME = LaunchImage;
				FRAMEWORK_SEARCH_PATHS = (
					"$(inherited)",
					"$(PROJECT_DIR)",
				);
				GCC_PRECOMPILE_PREFIX_HEADER = YES;
				GCC_PREFIX_HEADER = "CampusSherpa/CampusSherpa-Prefix.pch";
				INFOPLIST_FILE = "CampusSherpa/CampusSherpa-Info.plist";
				PRODUCT_NAME = "$(TARGET_NAME)";
				WRAPPER_EXTENSION = app;
			};
			name = Release;
		};
		733198CF18DE47CC001CBEED /* Debug */ = {
			isa = XCBuildConfiguration;
			buildSettings = {
				BUNDLE_LOADER = "$(BUILT_PRODUCTS_DIR)/CampusSherpa.app/CampusSherpa";
				FRAMEWORK_SEARCH_PATHS = (
					"$(SDKROOT)/Developer/Library/Frameworks",
					"$(inherited)",
					"$(DEVELOPER_FRAMEWORKS_DIR)",
				);
				GCC_PRECOMPILE_PREFIX_HEADER = YES;
				GCC_PREFIX_HEADER = "CampusSherpa/CampusSherpa-Prefix.pch";
				GCC_PREPROCESSOR_DEFINITIONS = (
					"DEBUG=1",
					"$(inherited)",
				);
				INFOPLIST_FILE = "CampusSherpaTests/CampusSherpaTests-Info.plist";
				PRODUCT_NAME = "$(TARGET_NAME)";
				TEST_HOST = "$(BUNDLE_LOADER)";
				WRAPPER_EXTENSION = xctest;
			};
			name = Debug;
		};
		733198D018DE47CC001CBEED /* Release */ = {
			isa = XCBuildConfiguration;
			buildSettings = {
				BUNDLE_LOADER = "$(BUILT_PRODUCTS_DIR)/CampusSherpa.app/CampusSherpa";
				FRAMEWORK_SEARCH_PATHS = (
					"$(SDKROOT)/Developer/Library/Frameworks",
					"$(inherited)",
					"$(DEVELOPER_FRAMEWORKS_DIR)",
				);
				GCC_PRECOMPILE_PREFIX_HEADER = YES;
				GCC_PREFIX_HEADER = "CampusSherpa/CampusSherpa-Prefix.pch";
				INFOPLIST_FILE = "CampusSherpaTests/CampusSherpaTests-Info.plist";
				PRODUCT_NAME = "$(TARGET_NAME)";
				TEST_HOST = "$(BUNDLE_LOADER)";
				WRAPPER_EXTENSION = xctest;
			};
			name = Release;
		};
/* End XCBuildConfiguration section */

/* Begin XCConfigurationList section */
		7331989418DE47CC001CBEED /* Build configuration list for PBXProject "CampusSherpa" */ = {
			isa = XCConfigurationList;
			buildConfigurations = (
				733198C918DE47CC001CBEED /* Debug */,
				733198CA18DE47CC001CBEED /* Release */,
			);
			defaultConfigurationIsVisible = 0;
			defaultConfigurationName = Release;
		};
		733198CB18DE47CC001CBEED /* Build configuration list for PBXNativeTarget "CampusSherpa" */ = {
			isa = XCConfigurationList;
			buildConfigurations = (
				733198CC18DE47CC001CBEED /* Debug */,
				733198CD18DE47CC001CBEED /* Release */,
			);
			defaultConfigurationIsVisible = 0;
			defaultConfigurationName = Release;
		};
		733198CE18DE47CC001CBEED /* Build configuration list for PBXNativeTarget "CampusSherpaTests" */ = {
			isa = XCConfigurationList;
			buildConfigurations = (
				733198CF18DE47CC001CBEED /* Debug */,
				733198D018DE47CC001CBEED /* Release */,
			);
			defaultConfigurationIsVisible = 0;
			defaultConfigurationName = Release;
		};
/* End XCConfigurationList section */
	};
	rootObject = 7331989118DE47CC001CBEED /* Project object */;
}
